
Microsoft Visual Studio Solution File, Format Version 12.00
# Visual Studio Version 17
VisualStudioVersion = 17.13.35828.75
MinimumVisualStudioVersion = 10.0.40219.1
Project("{FAE04EC0-301F-11D3-BF4B-00C04F79EFBC}") = "TiendasVentas.Api", "TiendasVentas.Api\TiendasVentas.Api.csproj", "{C6DEBE63-31C1-48F0-9BFA-CD6882B2C16C}"
EndProject
Project("{FAE04EC0-301F-11D3-BF4B-00C04F79EFBC}") = "TiendaVentasWeb", "TiendaVentasWeb\TiendaVentasWeb.csproj", "{3C72D333-3225-4263-B28E-7640FA3F5EFF}"
EndProject
Global
	GlobalSection(SolutionConfigurationPlatforms) = preSolution
		Debug|Any CPU = Debug|Any CPU
		Release|Any CPU = Release|Any CPU
	EndGlobalSection
	GlobalSection(ProjectConfigurationPlatforms) = postSolution
		{C6DEBE63-31C1-48F0-9BFA-CD6882B2C16C}.Debug|Any CPU.ActiveCfg = Debug|Any CPU
		{C6DEBE63-31C1-48F0-9BFA-CD6882B2C16C}.Debug|Any CPU.Build.0 = Debug|Any CPU
		{C6DEBE63-31C1-48F0-9BFA-CD6882B2C16C}.Release|Any CPU.ActiveCfg = Release|Any CPU
		{C6DEBE63-31C1-48F0-9BFA-CD6882B2C16C}.Release|Any CPU.Build.0 = Release|Any CPU
		{3C72D333-3225-4263-B28E-7640FA3F5EFF}.Debug|Any CPU.ActiveCfg = Debug|Any CPU
		{3C72D333-3225-4263-B28E-7640FA3F5EFF}.Debug|Any CPU.Build.0 = Debug|Any CPU
		{3C72D333-3225-4263-B28E-7640FA3F5EFF}.Release|Any CPU.ActiveCfg = Release|Any CPU
		{3C72D333-3225-4263-B28E-7640FA3F5EFF}.Release|Any CPU.Build.0 = Release|Any CPU
	EndGlobalSection
	GlobalSection(SolutionProperties) = preSolution
		HideSolutionNode = FALSE
	EndGlobalSection
	GlobalSection(ExtensibilityGlobals) = postSolution
		SolutionGuid = {A31CF8C8-B12D-48C1-9B08-BE7F0C3FD401}
	EndGlobalSection
EndGlobal
